
Microsoft Visual Studio Solution File, Format Version 12.00
# Visual Studio 15
VisualStudioVersion = 15.0.27004.2010
MinimumVisualStudioVersion = 10.0.40219.1
Project("{FAE04EC0-301F-11D3-BF4B-00C04F79EFBC}") = "IO", "IO\IO.csproj", "{ABD22A0F-B102-46DA-85B9-11DE339E3DA7}"
EndProject
Global
	GlobalSection(SolutionConfigurationPlatforms) = preSolution
		Debug|Any CPU = Debug|Any CPU
		Release|Any CPU = Release|Any CPU
	EndGlobalSection
	GlobalSection(ProjectConfigurationPlatforms) = postSolution
		{ABD22A0F-B102-46DA-85B9-11DE339E3DA7}.Debug|Any CPU.ActiveCfg = Debug|Any CPU
		{ABD22A0F-B102-46DA-85B9-11DE339E3DA7}.Debug|Any CPU.Build.0 = Debug|Any CPU
		{ABD22A0F-B102-46DA-85B9-11DE339E3DA7}.Release|Any CPU.ActiveCfg = Release|Any CPU
		{ABD22A0F-B102-46DA-85B9-11DE339E3DA7}.Release|Any CPU.Build.0 = Release|Any CPU
	EndGlobalSection
	GlobalSection(SolutionProperties) = preSolution
		HideSolutionNode = FALSE
	EndGlobalSection
	GlobalSection(ExtensibilityGlobals) = postSolution
		SolutionGuid = {9664C6DD-E2EF-4516-8F72-B1DA6F8F4B6F}
	EndGlobalSection
EndGlobal
